{
    "_readme": [
        "This file locks the dependencies of your project to a known state",
        "Read more about it at https://getcomposer.org/doc/01-basic-usage.md#composer-lock-the-lock-file",
        "This file is @generated automatically"
    ],
    "hash": "3b334e40383c9ffb9cc190313d9505ad",
    "content-hash": "34a437e173207648c314e5e6bc12c27a",
    "packages": [],
    "packages-dev": [],
    "aliases": [],
    "minimum-stability": "dev",
    "stability-flags": [],
    "prefer-stable": false,
    "prefer-lowest": false,
    "platform": {
        "lib-curl": "*",
        "ext-mcrypt": "*",
        "ext-dom": "*"
    },
    "platform-dev": []
}
